
Microsoft Visual Studio Solution File, Format Version 12.00
Project("{FAE04EC0-301F-11D3-BF4B-00C04F79EFBC}") = "Application", "Application\Application.csproj", "{BA313850-3BE8-48D5-9CC8-42A255BB43B9}"
EndProject
Project("{FAE04EC0-301F-11D3-BF4B-00C04F79EFBC}") = "BusinessLayer", "BusinessLayer\BusinessLayer.csproj", "{C0EC4F30-F46F-4C3C-986F-2AE22B283ADD}"
EndProject
Project("{FAE04EC0-301F-11D3-BF4B-00C04F79EFBC}") = "IBusinessLayer", "IBusinessLayer\IBusinessLayer.csproj", "{4A2FDAFB-111C-4919-ACD6-F8B9DFE6F6B8}"
EndProject
Project("{FAE04EC0-301F-11D3-BF4B-00C04F79EFBC}") = "DataRepository", "DataRepository\DataRepository.csproj", "{5A25A68C-315E-4665-AF95-EDD1E0A03BA3}"
EndProject
Project("{FAE04EC0-301F-11D3-BF4B-00C04F79EFBC}") = "IDataRepository", "IDataRepository\IDataRepository.csproj", "{DACF378C-AF51-4064-B749-9CA63028A5C2}"
EndProject
Project("{FAE04EC0-301F-11D3-BF4B-00C04F79EFBC}") = "ORM", "ORM\ORM.csproj", "{A8092D95-410C-4F9F-ABC8-285356431349}"
EndProject
Project("{FAE04EC0-301F-11D3-BF4B-00C04F79EFBC}") = "Models", "Models\Models.csproj", "{27982E75-6946-4059-9427-3C6B0BB86896}"
EndProject
Project("{FAE04EC0-301F-11D3-BF4B-00C04F79EFBC}") = "ApplicationAPI", "ApplicationAPI\ApplicationAPI.csproj", "{B7EB613B-CDB8-49D1-9998-8D36475FB6A6}"
EndProject
Global
	GlobalSection(SolutionConfigurationPlatforms) = preSolution
		Debug|Any CPU = Debug|Any CPU
		Release|Any CPU = Release|Any CPU
	EndGlobalSection
	GlobalSection(ProjectConfigurationPlatforms) = postSolution
		{BA313850-3BE8-48D5-9CC8-42A255BB43B9}.Debug|Any CPU.ActiveCfg = Debug|Any CPU
		{BA313850-3BE8-48D5-9CC8-42A255BB43B9}.Debug|Any CPU.Build.0 = Debug|Any CPU
		{BA313850-3BE8-48D5-9CC8-42A255BB43B9}.Release|Any CPU.ActiveCfg = Release|Any CPU
		{BA313850-3BE8-48D5-9CC8-42A255BB43B9}.Release|Any CPU.Build.0 = Release|Any CPU
		{C0EC4F30-F46F-4C3C-986F-2AE22B283ADD}.Debug|Any CPU.ActiveCfg = Debug|Any CPU
		{C0EC4F30-F46F-4C3C-986F-2AE22B283ADD}.Debug|Any CPU.Build.0 = Debug|Any CPU
		{C0EC4F30-F46F-4C3C-986F-2AE22B283ADD}.Release|Any CPU.ActiveCfg = Release|Any CPU
		{C0EC4F30-F46F-4C3C-986F-2AE22B283ADD}.Release|Any CPU.Build.0 = Release|Any CPU
		{4A2FDAFB-111C-4919-ACD6-F8B9DFE6F6B8}.Debug|Any CPU.ActiveCfg = Debug|Any CPU
		{4A2FDAFB-111C-4919-ACD6-F8B9DFE6F6B8}.Debug|Any CPU.Build.0 = Debug|Any CPU
		{4A2FDAFB-111C-4919-ACD6-F8B9DFE6F6B8}.Release|Any CPU.ActiveCfg = Release|Any CPU
		{4A2FDAFB-111C-4919-ACD6-F8B9DFE6F6B8}.Release|Any CPU.Build.0 = Release|Any CPU
		{5A25A68C-315E-4665-AF95-EDD1E0A03BA3}.Debug|Any CPU.ActiveCfg = Debug|Any CPU
		{5A25A68C-315E-4665-AF95-EDD1E0A03BA3}.Debug|Any CPU.Build.0 = Debug|Any CPU
		{5A25A68C-315E-4665-AF95-EDD1E0A03BA3}.Release|Any CPU.ActiveCfg = Release|Any CPU
		{5A25A68C-315E-4665-AF95-EDD1E0A03BA3}.Release|Any CPU.Build.0 = Release|Any CPU
		{DACF378C-AF51-4064-B749-9CA63028A5C2}.Debug|Any CPU.ActiveCfg = Debug|Any CPU
		{DACF378C-AF51-4064-B749-9CA63028A5C2}.Debug|Any CPU.Build.0 = Debug|Any CPU
		{DACF378C-AF51-4064-B749-9CA63028A5C2}.Release|Any CPU.ActiveCfg = Release|Any CPU
		{DACF378C-AF51-4064-B749-9CA63028A5C2}.Release|Any CPU.Build.0 = Release|Any CPU
		{A8092D95-410C-4F9F-ABC8-285356431349}.Debug|Any CPU.ActiveCfg = Debug|Any CPU
		{A8092D95-410C-4F9F-ABC8-285356431349}.Debug|Any CPU.Build.0 = Debug|Any CPU
		{A8092D95-410C-4F9F-ABC8-285356431349}.Release|Any CPU.ActiveCfg = Release|Any CPU
		{A8092D95-410C-4F9F-ABC8-285356431349}.Release|Any CPU.Build.0 = Release|Any CPU
		{27982E75-6946-4059-9427-3C6B0BB86896}.Debug|Any CPU.ActiveCfg = Debug|Any CPU
		{27982E75-6946-4059-9427-3C6B0BB86896}.Debug|Any CPU.Build.0 = Debug|Any CPU
		{27982E75-6946-4059-9427-3C6B0BB86896}.Release|Any CPU.ActiveCfg = Release|Any CPU
		{27982E75-6946-4059-9427-3C6B0BB86896}.Release|Any CPU.Build.0 = Release|Any CPU
		{B7EB613B-CDB8-49D1-9998-8D36475FB6A6}.Debug|Any CPU.ActiveCfg = Debug|Any CPU
		{B7EB613B-CDB8-49D1-9998-8D36475FB6A6}.Debug|Any CPU.Build.0 = Debug|Any CPU
		{B7EB613B-CDB8-49D1-9998-8D36475FB6A6}.Release|Any CPU.ActiveCfg = Release|Any CPU
		{B7EB613B-CDB8-49D1-9998-8D36475FB6A6}.Release|Any CPU.Build.0 = Release|Any CPU
	EndGlobalSection
EndGlobal
